{
  "lockfile_version": "1",
  "packages": {
    "basedpyright@latest": {
      "last_modified": "2025-11-23T21:50:36Z",
      "resolved": "github:NixOS/nixpkgs/ee09932cedcef15aaf476f9343d1dea2cb77e261#basedpyright",
      "source": "devbox-search",
      "version": "1.34.0",
      "systems": {
        "aarch64-darwin": {
          "outputs": [
            {
              "name": "out",
              "path": "/nix/store/xa673nrzyi811r5qa2zn85j6dmhc3d1q-basedpyright-1.34.0",
              "default": true
            }
          ],
          "store_path": "/nix/store/xa673nrzyi811r5qa2zn85j6dmhc3d1q-basedpyright-1.34.0"
        },
        "aarch64-linux": {
          "outputs": [
            {
              "name": "out",
              "path": "/nix/store/03w5j7yncnzxlibmfrck0xgw1sddfc4m-basedpyright-1.34.0",
              "default": true
            }
          ],
          "store_path": "/nix/store/03w5j7yncnzxlibmfrck0xgw1sddfc4m-basedpyright-1.34.0"
        },
        "x86_64-darwin": {
          "outputs": [
            {
              "name": "out",
              "path": "/nix/store/lxvzqg88b1yzm69bgvhlppfh0gd6q6sy-basedpyright-1.34.0",
              "default": true
            }
          ],
          "store_path": "/nix/store/lxvzqg88b1yzm69bgvhlppfh0gd6q6sy-basedpyright-1.34.0"
        },
        "x86_64-linux": {
          "outputs": [
            {
              "name": "out",
              "path": "/nix/store/2ygipv7ank1hpgyr2i0mrm0cp8lpmih9-basedpyright-1.34.0",
              "default": true
            }
          ],
          "store_path": "/nix/store/2ygipv7ank1hpgyr2i0mrm0cp8lpmih9-basedpyright-1.34.0"
        }
      }
    },
    "github:NixOS/nixpkgs/nixpkgs-unstable": {
      "last_modified": "2025-11-26T06:22:50Z",
      "resolved": "github:NixOS/nixpkgs/bb813de6d2241bcb1b5af2d3059f560c66329967?lastModified=1764138170&narHash=sha256-2bCmfCUZyi2yj9FFXYKwsDiaZmizN75cLhI%2FeWmf3tk%3D"
    },
    "go": {
      "resolved": "github:NixOS/nixpkgs/bb813de6d2241bcb1b5af2d3059f560c66329967?narHash=sha256-2bCmfCUZyi2yj9FFXYKwsDiaZmizN75cLhI%2FeWmf3tk%3D#go",
      "source": "nixpkg"
    },
    "python@3.14.0": {
      "last_modified": "2025-11-23T21:50:36Z",
      "plugin_version": "0.0.4",
      "resolved": "github:NixOS/nixpkgs/ee09932cedcef15aaf476f9343d1dea2cb77e261#python314",
      "source": "devbox-search",
      "version": "3.14.0",
      "systems": {
        "aarch64-darwin": {
          "outputs": [
            {
              "name": "out",
              "path": "/nix/store/wqnlp9wcgs0g3mf1kpb8swibm3hcmb46-python3-3.14.0",
              "default": true
            }
          ],
          "store_path": "/nix/store/wqnlp9wcgs0g3mf1kpb8swibm3hcmb46-python3-3.14.0"
        },
        "aarch64-linux": {
          "outputs": [
            {
              "name": "out",
              "path": "/nix/store/1661mj8jk71bsfg5hs933gsnsl7n128y-python3-3.14.0",
              "default": true
            },
            {
              "name": "debug",
              "path": "/nix/store/3pzwrvqnxyzf7qcign3nq8z6n9nxvg3z-python3-3.14.0-debug"
            }
          ],
          "store_path": "/nix/store/1661mj8jk71bsfg5hs933gsnsl7n128y-python3-3.14.0"
        },
        "x86_64-darwin": {
          "outputs": [
            {
              "name": "out",
              "path": "/nix/store/6537bwrw3mphrsfzln4996n630g48iyf-python3-3.14.0",
              "default": true
            }
          ],
          "store_path": "/nix/store/6537bwrw3mphrsfzln4996n630g48iyf-python3-3.14.0"
        },
        "x86_64-linux": {
          "outputs": [
            {
              "name": "out",
              "path": "/nix/store/sddj4ifk8jdpqi1vzzz6cl7bb0cshskx-python3-3.14.0",
              "default": true
            },
            {
              "name": "debug",
              "path": "/nix/store/nz0214vhnlzamk8l7k6yh1rd7fxiyph8-python3-3.14.0-debug"
            }
          ],
          "store_path": "/nix/store/sddj4ifk8jdpqi1vzzz6cl7bb0cshskx-python3-3.14.0"
        }
      }
    },
    "ruff@latest": {
      "last_modified": "2025-11-23T21:50:36Z",
      "resolved": "github:NixOS/nixpkgs/ee09932cedcef15aaf476f9343d1dea2cb77e261#ruff",
      "source": "devbox-search",
      "version": "0.14.5",
      "systems": {
        "aarch64-darwin": {
          "outputs": [
            {
              "name": "out",
              "path": "/nix/store/vbi5n9j3nflrsy4vl92ff86yvkf7sb79-ruff-0.14.5",
              "default": true
            }
          ],
          "store_path": "/nix/store/vbi5n9j3nflrsy4vl92ff86yvkf7sb79-ruff-0.14.5"
        },
        "aarch64-linux": {
          "outputs": [
            {
              "name": "out",
              "path": "/nix/store/fy9jnk1aca0jyw4wccx8glsss23krrkp-ruff-0.14.5",
              "default": true
            }
          ],
          "store_path": "/nix/store/fy9jnk1aca0jyw4wccx8glsss23krrkp-ruff-0.14.5"
        },
        "x86_64-darwin": {
          "outputs": [
            {
              "name": "out",
              "path": "/nix/store/a2sx2bfsir33iwagnpx38vi8ipwqirgd-ruff-0.14.5",
              "default": true
            }
          ],
          "store_path": "/nix/store/a2sx2bfsir33iwagnpx38vi8ipwqirgd-ruff-0.14.5"
        },
        "x86_64-linux": {
          "outputs": [
            {
              "name": "out",
              "path": "/nix/store/f4axsqaf3rkpvz22grxzbsbps5qscydq-ruff-0.14.5",
              "default": true
            }
          ],
          "store_path": "/nix/store/f4axsqaf3rkpvz22grxzbsbps5qscydq-ruff-0.14.5"
        }
      }
    }
  }
}
